// !$*UTF8*$!
{
	archiveVersion = 1;
	classes = {
	};
	objectVersion = 55;
	objects = {

/* Begin PBXBuildFile section */
		09A51CF427F3A5FA0033F537 /* wordleBlitzApp.swift in Sources */ = {isa = PBXBuildFile; fileRef = 09A51CF327F3A5FA0033F537 /* wordleBlitzApp.swift */; };
		09A51CF627F3A5FA0033F537 /* ContentView.swift in Sources */ = {isa = PBXBuildFile; fileRef = 09A51CF527F3A5FA0033F537 /* ContentView.swift */; };
		09A51CF827F3A5FC0033F537 /* Assets.xcassets in Resources */ = {isa = PBXBuildFile; fileRef = 09A51CF727F3A5FC0033F537 /* Assets.xcassets */; };
		09A51CFB27F3A5FC0033F537 /* Preview Assets.xcassets in Resources */ = {isa = PBXBuildFile; fileRef = 09A51CFA27F3A5FC0033F537 /* Preview Assets.xcassets */; };
		09A51D0527F3A5FD0033F537 /* wordleBlitzTests.swift in Sources */ = {isa = PBXBuildFile; fileRef = 09A51D0427F3A5FD0033F537 /* wordleBlitzTests.swift */; };
		09A51D0F27F3A5FD0033F537 /* wordleBlitzUITests.swift in Sources */ = {isa = PBXBuildFile; fileRef = 09A51D0E27F3A5FD0033F537 /* wordleBlitzUITests.swift */; };
		09A51D1127F3A5FD0033F537 /* wordleBlitzUITestsLaunchTests.swift in Sources */ = {isa = PBXBuildFile; fileRef = 09A51D1027F3A5FD0033F537 /* wordleBlitzUITestsLaunchTests.swift */; };
		09A51D2027F3A6980033F537 /* gameModel.swift in Sources */ = {isa = PBXBuildFile; fileRef = 09A51D1F27F3A6980033F537 /* gameModel.swift */; };
		09A51D2227F3A6A90033F537 /* GameView.swift in Sources */ = {isa = PBXBuildFile; fileRef = 09A51D2127F3A6A90033F537 /* GameView.swift */; };
		09A51D2427F3AB900033F537 /* words.swift in Sources */ = {isa = PBXBuildFile; fileRef = 09A51D2327F3AB900033F537 /* words.swift */; };
/* End PBXBuildFile section */

/* Begin PBXContainerItemProxy section */
		09A51D0127F3A5FD0033F537 /* PBXContainerItemProxy */ = {
			isa = PBXContainerItemProxy;
			containerPortal = 09A51CE827F3A5FA0033F537 /* Project object */;
			proxyType = 1;
			remoteGlobalIDString = 09A51CEF27F3A5FA0033F537;
			remoteInfo = wordleBlitz;
		};
		09A51D0B27F3A5FD0033F537 /* PBXContainerItemProxy */ = {
			isa = PBXContainerItemProxy;
			containerPortal = 09A51CE827F3A5FA0033F537 /* Project object */;
			proxyType = 1;
			remoteGlobalIDString = 09A51CEF27F3A5FA0033F537;
			remoteInfo = wordleBlitz;
		};
/* End PBXContainerItemProxy section */

/* Begin PBXFileReference section */
		09A51CF027F3A5FA0033F537 /* wordleBlitz.app */ = {isa = PBXFileReference; explicitFileType = wrapper.application; includeInIndex = 0; path = wordleBlitz.app; sourceTree = BUILT_PRODUCTS_DIR; };
		09A51CF327F3A5FA0033F537 /* wordleBlitzApp.swift */ = {isa = PBXFileReference; lastKnownFileType = sourcecode.swift; path = wordleBlitzApp.swift; sourceTree = "<group>"; };
		09A51CF527F3A5FA0033F537 /* ContentView.swift */ = {isa = PBXFileReference; lastKnownFileType = sourcecode.swift; path = ContentView.swift; sourceTree = "<group>"; };
		09A51CF727F3A5FC0033F537 /* Assets.xcassets */ = {isa = PBXFileReference; lastKnownFileType = folder.assetcatalog; path = Assets.xcassets; sourceTree = "<group>"; };
		09A51CFA27F3A5FC0033F537 /* Preview Assets.xcassets */ = {isa = PBXFileReference; lastKnownFileType = folder.assetcatalog; path = "Preview Assets.xcassets"; sourceTree = "<group>"; };
		09A51D0027F3A5FD0033F537 /* wordleBlitzTests.xctest */ = {isa = PBXFileReference; explicitFileType = wrapper.cfbundle; includeInIndex = 0; path = wordleBlitzTests.xctest; sourceTree = BUILT_PRODUCTS_DIR; };
		09A51D0427F3A5FD0033F537 /* wordleBlitzTests.swift */ = {isa = PBXFileReference; lastKnownFileType = sourcecode.swift; path = wordleBlitzTests.swift; sourceTree = "<group>"; };
		09A51D0A27F3A5FD0033F537 /* wordleBlitzUITests.xctest */ = {isa = PBXFileReference; explicitFileType = wrapper.cfbundle; includeInIndex = 0; path = wordleBlitzUITests.xctest; sourceTree = BUILT_PRODUCTS_DIR; };
		09A51D0E27F3A5FD0033F537 /* wordleBlitzUITests.swift */ = {isa = PBXFileReference; lastKnownFileType = sourcecode.swift; path = wordleBlitzUITests.swift; sourceTree = "<group>"; };
		09A51D1027F3A5FD0033F537 /* wordleBlitzUITestsLaunchTests.swift */ = {isa = PBXFileReference; lastKnownFileType = sourcecode.swift; path = wordleBlitzUITestsLaunchTests.swift; sourceTree = "<group>"; };
		09A51D1F27F3A6980033F537 /* gameModel.swift */ = {isa = PBXFileReference; lastKnownFileType = sourcecode.swift; path = gameModel.swift; sourceTree = "<group>"; };
		09A51D2127F3A6A90033F537 /* GameView.swift */ = {isa = PBXFileReference; lastKnownFileType = sourcecode.swift; path = GameView.swift; sourceTree = "<group>"; };
		09A51D2327F3AB900033F537 /* words.swift */ = {isa = PBXFileReference; lastKnownFileType = sourcecode.swift; path = words.swift; sourceTree = "<group>"; };
/* End PBXFileReference section */

/* Begin PBXFrameworksBuildPhase section */
		09A51CED27F3A5FA0033F537 /* Frameworks */ = {
			isa = PBXFrameworksBuildPhase;
			buildActionMask = 2147483647;
			files = (
			);
			runOnlyForDeploymentPostprocessing = 0;
		};
		09A51CFD27F3A5FD0033F537 /* Frameworks */ = {
			isa = PBXFrameworksBuildPhase;
			buildActionMask = 2147483647;
			files = (
			);
			runOnlyForDeploymentPostprocessing = 0;
		};
		09A51D0727F3A5FD0033F537 /* Frameworks */ = {
			isa = PBXFrameworksBuildPhase;
			buildActionMask = 2147483647;
			files = (
			);
			runOnlyForDeploymentPostprocessing = 0;
		};
/* End PBXFrameworksBuildPhase section */

/* Begin PBXGroup section */
		09A51CE727F3A5FA0033F537 = {
			isa = PBXGroup;
			children = (
				09A51CF227F3A5FA0033F537 /* wordleBlitz */,
				09A51D0327F3A5FD0033F537 /* wordleBlitzTests */,
				09A51D0D27F3A5FD0033F537 /* wordleBlitzUITests */,
				09A51CF127F3A5FA0033F537 /* Products */,
			);
			sourceTree = "<group>";
		};
		09A51CF127F3A5FA0033F537 /* Products */ = {
			isa = PBXGroup;
			children = (
				09A51CF027F3A5FA0033F537 /* wordleBlitz.app */,
				09A51D0027F3A5FD0033F537 /* wordleBlitzTests.xctest */,
				09A51D0A27F3A5FD0033F537 /* wordleBlitzUITests.xctest */,
			);
			name = Products;
			sourceTree = "<group>";
		};
		09A51CF227F3A5FA0033F537 /* wordleBlitz */ = {
			isa = PBXGroup;
			children = (
				09A51D1E27F3A66E0033F537 /* models */,
				09A51D1D27F3A6690033F537 /* views */,
				09A51CF327F3A5FA0033F537 /* wordleBlitzApp.swift */,
				09A51CF527F3A5FA0033F537 /* ContentView.swift */,
				09A51CF727F3A5FC0033F537 /* Assets.xcassets */,
				09A51CF927F3A5FC0033F537 /* Preview Content */,
				09A51D2327F3AB900033F537 /* words.swift */,
			);
			path = wordleBlitz;
			sourceTree = "<group>";
		};
		09A51CF927F3A5FC0033F537 /* Preview Content */ = {
			isa = PBXGroup;
			children = (
				09A51CFA27F3A5FC0033F537 /* Preview Assets.xcassets */,
			);
			path = "Preview Content";
			sourceTree = "<group>";
		};
		09A51D0327F3A5FD0033F537 /* wordleBlitzTests */ = {
			isa = PBXGroup;
			children = (
				09A51D0427F3A5FD0033F537 /* wordleBlitzTests.swift */,
			);
			path = wordleBlitzTests;
			sourceTree = "<group>";
		};
		09A51D0D27F3A5FD0033F537 /* wordleBlitzUITests */ = {
			isa = PBXGroup;
			children = (
				09A51D0E27F3A5FD0033F537 /* wordleBlitzUITests.swift */,
				09A51D1027F3A5FD0033F537 /* wordleBlitzUITestsLaunchTests.swift */,
			);
			path = wordleBlitzUITests;
			sourceTree = "<group>";
		};
		09A51D1D27F3A6690033F537 /* views */ = {
			isa = PBXGroup;
			children = (
				09A51D2127F3A6A90033F537 /* GameView.swift */,
			);
			path = views;
			sourceTree = "<group>";
		};
		09A51D1E27F3A66E0033F537 /* models */ = {
			isa = PBXGroup;
			children = (
				09A51D1F27F3A6980033F537 /* gameModel.swift */,
			);
			path = models;
			sourceTree = "<group>";
		};
/* End PBXGroup section */

/* Begin PBXNativeTarget section */
		09A51CEF27F3A5FA0033F537 /* wordleBlitz */ = {
			isa = PBXNativeTarget;
			buildConfigurationList = 09A51D1427F3A5FD0033F537 /* Build configuration list for PBXNativeTarget "wordleBlitz" */;
			buildPhases = (
				09A51CEC27F3A5FA0033F537 /* Sources */,
				09A51CED27F3A5FA0033F537 /* Frameworks */,
				09A51CEE27F3A5FA0033F537 /* Resources */,
			);
			buildRules = (
			);
			dependencies = (
			);
			name = wordleBlitz;
			productName = wordleBlitz;
			productReference = 09A51CF027F3A5FA0033F537 /* wordleBlitz.app */;
			productType = "com.apple.product-type.application";
		};
		09A51CFF27F3A5FD0033F537 /* wordleBlitzTests */ = {
			isa = PBXNativeTarget;
			buildConfigurationList = 09A51D1727F3A5FD0033F537 /* Build configuration list for PBXNativeTarget "wordleBlitzTests" */;
			buildPhases = (
				09A51CFC27F3A5FD0033F537 /* Sources */,
				09A51CFD27F3A5FD0033F537 /* Frameworks */,
				09A51CFE27F3A5FD0033F537 /* Resources */,
			);
			buildRules = (
			);
			dependencies = (
				09A51D0227F3A5FD0033F537 /* PBXTargetDependency */,
			);
			name = wordleBlitzTests;
			productName = wordleBlitzTests;
			productReference = 09A51D0027F3A5FD0033F537 /* wordleBlitzTests.xctest */;
			productType = "com.apple.product-type.bundle.unit-test";
		};
		09A51D0927F3A5FD0033F537 /* wordleBlitzUITests */ = {
			isa = PBXNativeTarget;
			buildConfigurationList = 09A51D1A27F3A5FD0033F537 /* Build configuration list for PBXNativeTarget "wordleBlitzUITests" */;
			buildPhases = (
				09A51D0627F3A5FD0033F537 /* Sources */,
				09A51D0727F3A5FD0033F537 /* Frameworks */,
				09A51D0827F3A5FD0033F537 /* Resources */,
			);
			buildRules = (
			);
			dependencies = (
				09A51D0C27F3A5FD0033F537 /* PBXTargetDependency */,
			);
			name = wordleBlitzUITests;
			productName = wordleBlitzUITests;
			productReference = 09A51D0A27F3A5FD0033F537 /* wordleBlitzUITests.xctest */;
			productType = "com.apple.product-type.bundle.ui-testing";
		};
/* End PBXNativeTarget section */

/* Begin PBXProject section */
		09A51CE827F3A5FA0033F537 /* Project object */ = {
			isa = PBXProject;
			attributes = {
				BuildIndependentTargetsInParallel = 1;
				LastSwiftUpdateCheck = 1330;
				LastUpgradeCheck = 1330;
				TargetAttributes = {
					09A51CEF27F3A5FA0033F537 = {
						CreatedOnToolsVersion = 13.3;
					};
					09A51CFF27F3A5FD0033F537 = {
						CreatedOnToolsVersion = 13.3;
						TestTargetID = 09A51CEF27F3A5FA0033F537;
					};
					09A51D0927F3A5FD0033F537 = {
						CreatedOnToolsVersion = 13.3;
						TestTargetID = 09A51CEF27F3A5FA0033F537;
					};
				};
			};
			buildConfigurationList = 09A51CEB27F3A5FA0033F537 /* Build configuration list for PBXProject "wordleBlitz" */;
			compatibilityVersion = "Xcode 13.0";
			developmentRegion = en;
			hasScannedForEncodings = 0;
			knownRegions = (
				en,
				Base,
			);
			mainGroup = 09A51CE727F3A5FA0033F537;
			productRefGroup = 09A51CF127F3A5FA0033F537 /* Products */;
			projectDirPath = "";
			projectRoot = "";
			targets = (
				09A51CEF27F3A5FA0033F537 /* wordleBlitz */,
				09A51CFF27F3A5FD0033F537 /* wordleBlitzTests */,
				09A51D0927F3A5FD0033F537 /* wordleBlitzUITests */,
			);
		};
/* End PBXProject section */

/* Begin PBXResourcesBuildPhase section */
		09A51CEE27F3A5FA0033F537 /* Resources */ = {
			isa = PBXResourcesBuildPhase;
			buildActionMask = 2147483647;
			files = (
				09A51CFB27F3A5FC0033F537 /* Preview Assets.xcassets in Resources */,
				09A51CF827F3A5FC0033F537 /* Assets.xcassets in Resources */,
			);
			runOnlyForDeploymentPostprocessing = 0;
		};
		09A51CFE27F3A5FD0033F537 /* Resources */ = {
			isa = PBXResourcesBuildPhase;
			buildActionMask = 2147483647;
			files = (
			);
			runOnlyForDeploymentPostprocessing = 0;
		};
		09A51D0827F3A5FD0033F537 /* Resources */ = {
			isa = PBXResourcesBuildPhase;
			buildActionMask = 2147483647;
			files = (
			);
			runOnlyForDeploymentPostprocessing = 0;
		};
/* End PBXResourcesBuildPhase section */

/* Begin PBXSourcesBuildPhase section */
		09A51CEC27F3A5FA0033F537 /* Sources */ = {
			isa = PBXSourcesBuildPhase;
			buildActionMask = 2147483647;
			files = (
				09A51CF627F3A5FA0033F537 /* ContentView.swift in Sources */,
				09A51CF427F3A5FA0033F537 /* wordleBlitzApp.swift in Sources */,
				09A51D2227F3A6A90033F537 /* GameView.swift in Sources */,
				09A51D2027F3A6980033F537 /* gameModel.swift in Sources */,
				09A51D2427F3AB900033F537 /* words.swift in Sources */,
			);
			runOnlyForDeploymentPostprocessing = 0;
		};
		09A51CFC27F3A5FD0033F537 /* Sources */ = {
			isa = PBXSourcesBuildPhase;
			buildActionMask = 2147483647;
			files = (
				09A51D0527F3A5FD0033F537 /* wordleBlitzTests.swift in Sources */,
			);
			runOnlyForDeploymentPostprocessing = 0;
		};
		09A51D0627F3A5FD0033F537 /* Sources */ = {
			isa = PBXSourcesBuildPhase;
			buildActionMask = 2147483647;
			files = (
				09A51D0F27F3A5FD0033F537 /* wordleBlitzUITests.swift in Sources */,
				09A51D1127F3A5FD0033F537 /* wordleBlitzUITestsLaunchTests.swift in Sources */,
			);
			runOnlyForDeploymentPostprocessing = 0;
		};
/* End PBXSourcesBuildPhase section */

/* Begin PBXTargetDependency section */
		09A51D0227F3A5FD0033F537 /* PBXTargetDependency */ = {
			isa = PBXTargetDependency;
			target = 09A51CEF27F3A5FA0033F537 /* wordleBlitz */;
			targetProxy = 09A51D0127F3A5FD0033F537 /* PBXContainerItemProxy */;
		};
		09A51D0C27F3A5FD0033F537 /* PBXTargetDependency */ = {
			isa = PBXTargetDependency;
			target = 09A51CEF27F3A5FA0033F537 /* wordleBlitz */;
			targetProxy = 09A51D0B27F3A5FD0033F537 /* PBXContainerItemProxy */;
		};
/* End PBXTargetDependency section */

/* Begin XCBuildConfiguration section */
		09A51D1227F3A5FD0033F537 /* Debug */ = {
			isa = XCBuildConfiguration;
			buildSettings = {
				ALWAYS_SEARCH_USER_PATHS = NO;
				CLANG_ANALYZER_NONNULL = YES;
				CLANG_ANALYZER_NUMBER_OBJECT_CONVERSION = YES_AGGRESSIVE;
				CLANG_CXX_LANGUAGE_STANDARD = "gnu++17";
				CLANG_ENABLE_MODULES = YES;
				CLANG_ENABLE_OBJC_ARC = YES;
				CLANG_ENABLE_OBJC_WEAK = YES;
				CLANG_WARN_BLOCK_CAPTURE_AUTORELEASING = YES;
				CLANG_WARN_BOOL_CONVERSION = YES;
				CLANG_WARN_COMMA = YES;
				CLANG_WARN_CONSTANT_CONVERSION = YES;
				CLANG_WARN_DEPRECATED_OBJC_IMPLEMENTATIONS = YES;
				CLANG_WARN_DIRECT_OBJC_ISA_USAGE = YES_ERROR;
				CLANG_WARN_DOCUMENTATION_COMMENTS = YES;
				CLANG_WARN_EMPTY_BODY = YES;
				CLANG_WARN_ENUM_CONVERSION = YES;
				CLANG_WARN_INFINITE_RECURSION = YES;
				CLANG_WARN_INT_CONVERSION = YES;
				CLANG_WARN_NON_LITERAL_NULL_CONVERSION = YES;
				CLANG_WARN_OBJC_IMPLICIT_RETAIN_SELF = YES;
				CLANG_WARN_OBJC_LITERAL_CONVERSION = YES;
				CLANG_WARN_OBJC_ROOT_CLASS = YES_ERROR;
				CLANG_WARN_QUOTED_INCLUDE_IN_FRAMEWORK_HEADER = YES;
				CLANG_WARN_RANGE_LOOP_ANALYSIS = YES;
				CLANG_WARN_STRICT_PROTOTYPES = YES;
				CLANG_WARN_SUSPICIOUS_MOVE = YES;
				CLANG_WARN_UNGUARDED_AVAILABILITY = YES_AGGRESSIVE;
				CLANG_WARN_UNREACHABLE_CODE = YES;
				CLANG_WARN__DUPLICATE_METHOD_MATCH = YES;
				COPY_PHASE_STRIP = NO;
				DEBUG_INFORMATION_FORMAT = dwarf;
				ENABLE_STRICT_OBJC_MSGSEND = YES;
				ENABLE_TESTABILITY = YES;
				GCC_C_LANGUAGE_STANDARD = gnu11;
				GCC_DYNAMIC_NO_PIC = NO;
				GCC_NO_COMMON_BLOCKS = YES;
				GCC_OPTIMIZATION_LEVEL = 0;
				GCC_PREPROCESSOR_DEFINITIONS = (
					"DEBUG=1",
					"$(inherited)",
				);
				GCC_WARN_64_TO_32_BIT_CONVERSION = YES;
				GCC_WARN_ABOUT_RETURN_TYPE = YES_ERROR;
				GCC_WARN_UNDECLARED_SELECTOR = YES;
				GCC_WARN_UNINITIALIZED_AUTOS = YES_AGGRESSIVE;
				GCC_WARN_UNUSED_FUNCTION = YES;
				GCC_WARN_UNUSED_VARIABLE = YES;
				IPHONEOS_DEPLOYMENT_TARGET = 15.4;
				MTL_ENABLE_DEBUG_INFO = INCLUDE_SOURCE;
				MTL_FAST_MATH = YES;
				ONLY_ACTIVE_ARCH = YES;
				SDKROOT = iphoneos;
				SWIFT_ACTIVE_COMPILATION_CONDITIONS = DEBUG;
				SWIFT_OPTIMIZATION_LEVEL = "-Onone";
			};
			name = Debug;
		};
		09A51D1327F3A5FD0033F537 /* Release */ = {
			isa = XCBuildConfiguration;
			buildSettings = {
				ALWAYS_SEARCH_USER_PATHS = NO;
				CLANG_ANALYZER_NONNULL = YES;
				CLANG_ANALYZER_NUMBER_OBJECT_CONVERSION = YES_AGGRESSIVE;
				CLANG_CXX_LANGUAGE_STANDARD = "gnu++17";
				CLANG_ENABLE_MODULES = YES;
				CLANG_ENABLE_OBJC_ARC = YES;
				CLANG_ENABLE_OBJC_WEAK = YES;
				CLANG_WARN_BLOCK_CAPTURE_AUTORELEASING = YES;
				CLANG_WARN_BOOL_CONVERSION = YES;
				CLANG_WARN_COMMA = YES;
				CLANG_WARN_CONSTANT_CONVERSION = YES;
				CLANG_WARN_DEPRECATED_OBJC_IMPLEMENTATIONS = YES;
				CLANG_WARN_DIRECT_OBJC_ISA_USAGE = YES_ERROR;
				CLANG_WARN_DOCUMENTATION_COMMENTS = YES;
				CLANG_WARN_EMPTY_BODY = YES;
				CLANG_WARN_ENUM_CONVERSION = YES;
				CLANG_WARN_INFINITE_RECURSION = YES;
				CLANG_WARN_INT_CONVERSION = YES;
				CLANG_WARN_NON_LITERAL_NULL_CONVERSION = YES;
				CLANG_WARN_OBJC_IMPLICIT_RETAIN_SELF = YES;
				CLANG_WARN_OBJC_LITERAL_CONVERSION = YES;
				CLANG_WARN_OBJC_ROOT_CLASS = YES_ERROR;
				CLANG_WARN_QUOTED_INCLUDE_IN_FRAMEWORK_HEADER = YES;
				CLANG_WARN_RANGE_LOOP_ANALYSIS = YES;
				CLANG_WARN_STRICT_PROTOTYPES = YES;
				CLANG_WARN_SUSPICIOUS_MOVE = YES;
				CLANG_WARN_UNGUARDED_AVAILABILITY = YES_AGGRESSIVE;
				CLANG_WARN_UNREACHABLE_CODE = YES;
				CLANG_WARN__DUPLICATE_METHOD_MATCH = YES;
				COPY_PHASE_STRIP = NO;
				DEBUG_INFORMATION_FORMAT = "dwarf-with-dsym";
				ENABLE_NS_ASSERTIONS = NO;
				ENABLE_STRICT_OBJC_MSGSEND = YES;
				GCC_C_LANGUAGE_STANDARD = gnu11;
				GCC_NO_COMMON_BLOCKS = YES;
				GCC_WARN_64_TO_32_BIT_CONVERSION = YES;
				GCC_WARN_ABOUT_RETURN_TYPE = YES_ERROR;
				GCC_WARN_UNDECLARED_SELECTOR = YES;
				GCC_WARN_UNINITIALIZED_AUTOS = YES_AGGRESSIVE;
				GCC_WARN_UNUSED_FUNCTION = YES;
				GCC_WARN_UNUSED_VARIABLE = YES;
				IPHONEOS_DEPLOYMENT_TARGET = 15.4;
				MTL_ENABLE_DEBUG_INFO = NO;
				MTL_FAST_MATH = YES;
				SDKROOT = iphoneos;
				SWIFT_COMPILATION_MODE = wholemodule;
				SWIFT_OPTIMIZATION_LEVEL = "-O";
				VALIDATE_PRODUCT = YES;
			};
			name = Release;
		};
		09A51D1527F3A5FD0033F537 /* Debug */ = {
			isa = XCBuildConfiguration;
			buildSettings = {
				ASSETCATALOG_COMPILER_APPICON_NAME = AppIcon;
				ASSETCATALOG_COMPILER_GLOBAL_ACCENT_COLOR_NAME = AccentColor;
				CODE_SIGN_STYLE = Automatic;
				CURRENT_PROJECT_VERSION = 1;
				DEVELOPMENT_ASSET_PATHS = "\"wordleBlitz/Preview Content\"";
				ENABLE_PREVIEWS = YES;
				GENERATE_INFOPLIST_FILE = YES;
				INFOPLIST_KEY_UIApplicationSceneManifest_Generation = YES;
				INFOPLIST_KEY_UIApplicationSupportsIndirectInputEvents = YES;
				INFOPLIST_KEY_UILaunchScreen_Generation = YES;
				INFOPLIST_KEY_UISupportedInterfaceOrientations_iPad = "UIInterfaceOrientationPortrait UIInterfaceOrientationPortraitUpsideDown UIInterfaceOrientationLandscapeLeft UIInterfaceOrientationLandscapeRight";
				INFOPLIST_KEY_UISupportedInterfaceOrientations_iPhone = "UIInterfaceOrientationPortrait UIInterfaceOrientationLandscapeLeft UIInterfaceOrientationLandscapeRight";
				LD_RUNPATH_SEARCH_PATHS = (
					"$(inherited)",
					"@executable_path/Frameworks",
				);
				MARKETING_VERSION = 1.0;
				PRODUCT_BUNDLE_IDENTIFIER = idk.wordleBlitz;
				PRODUCT_NAME = "$(TARGET_NAME)";
				SWIFT_EMIT_LOC_STRINGS = YES;
				SWIFT_VERSION = 5.0;
				TARGETED_DEVICE_FAMILY = "1,2";
			};
			name = Debug;
		};
		09A51D1627F3A5FD0033F537 /* Release */ = {
			isa = XCBuildConfiguration;
			buildSettings = {
				ASSETCATALOG_COMPILER_APPICON_NAME = AppIcon;
				ASSETCATALOG_COMPILER_GLOBAL_ACCENT_COLOR_NAME = AccentColor;
				CODE_SIGN_STYLE = Automatic;
				CURRENT_PROJECT_VERSION = 1;
				DEVELOPMENT_ASSET_PATHS = "\"wordleBlitz/Preview Content\"";
				ENABLE_PREVIEWS = YES;
				GENERATE_INFOPLIST_FILE = YES;
				INFOPLIST_KEY_UIApplicationSceneManifest_Generation = YES;
				INFOPLIST_KEY_UIApplicationSupportsIndirectInputEvents = YES;
				INFOPLIST_KEY_UILaunchScreen_Generation = YES;
				INFOPLIST_KEY_UISupportedInterfaceOrientations_iPad = "UIInterfaceOrientationPortrait UIInterfaceOrientationPortraitUpsideDown UIInterfaceOrientationLandscapeLeft UIInterfaceOrientationLandscapeRight";
				INFOPLIST_KEY_UISupportedInterfaceOrientations_iPhone = "UIInterfaceOrientationPortrait UIInterfaceOrientationLandscapeLeft UIInterfaceOrientationLandscapeRight";
				LD_RUNPATH_SEARCH_PATHS = (
					"$(inherited)",
					"@executable_path/Frameworks",
				);
				MARKETING_VERSION = 1.0;
				PRODUCT_BUNDLE_IDENTIFIER = idk.wordleBlitz;
				PRODUCT_NAME = "$(TARGET_NAME)";
				SWIFT_EMIT_LOC_STRINGS = YES;
				SWIFT_VERSION = 5.0;
				TARGETED_DEVICE_FAMILY = "1,2";
			};
			name = Release;
		};
		09A51D1827F3A5FD0033F537 /* Debug */ = {
			isa = XCBuildConfiguration;
			buildSettings = {
				ALWAYS_EMBED_SWIFT_STANDARD_LIBRARIES = YES;
				BUNDLE_LOADER = "$(TEST_HOST)";
				CODE_SIGN_STYLE = Automatic;
				CURRENT_PROJECT_VERSION = 1;
				GENERATE_INFOPLIST_FILE = YES;
				IPHONEOS_DEPLOYMENT_TARGET = 15.4;
				MARKETING_VERSION = 1.0;
				PRODUCT_BUNDLE_IDENTIFIER = idk.wordleBlitzTests;
				PRODUCT_NAME = "$(TARGET_NAME)";
				SWIFT_EMIT_LOC_STRINGS = NO;
				SWIFT_VERSION = 5.0;
				TARGETED_DEVICE_FAMILY = "1,2";
				TEST_HOST = "$(BUILT_PRODUCTS_DIR)/wordleBlitz.app/wordleBlitz";
			};
			name = Debug;
		};
		09A51D1927F3A5FD0033F537 /* Release */ = {
			isa = XCBuildConfiguration;
			buildSettings = {
				ALWAYS_EMBED_SWIFT_STANDARD_LIBRARIES = YES;
				BUNDLE_LOADER = "$(TEST_HOST)";
				CODE_SIGN_STYLE = Automatic;
				CURRENT_PROJECT_VERSION = 1;
				GENERATE_INFOPLIST_FILE = YES;
				IPHONEOS_DEPLOYMENT_TARGET = 15.4;
				MARKETING_VERSION = 1.0;
				PRODUCT_BUNDLE_IDENTIFIER = idk.wordleBlitzTests;
				PRODUCT_NAME = "$(TARGET_NAME)";
				SWIFT_EMIT_LOC_STRINGS = NO;
				SWIFT_VERSION = 5.0;
				TARGETED_DEVICE_FAMILY = "1,2";
				TEST_HOST = "$(BUILT_PRODUCTS_DIR)/wordleBlitz.app/wordleBlitz";
			};
			name = Release;
		};
		09A51D1B27F3A5FD0033F537 /* Debug */ = {
			isa = XCBuildConfiguration;
			buildSettings = {
				ALWAYS_EMBED_SWIFT_STANDARD_LIBRARIES = YES;
				CODE_SIGN_STYLE = Automatic;
				CURRENT_PROJECT_VERSION = 1;
				GENERATE_INFOPLIST_FILE = YES;
				MARKETING_VERSION = 1.0;
				PRODUCT_BUNDLE_IDENTIFIER = idk.wordleBlitzUITests;
				PRODUCT_NAME = "$(TARGET_NAME)";
				SWIFT_EMIT_LOC_STRINGS = NO;
				SWIFT_VERSION = 5.0;
				TARGETED_DEVICE_FAMILY = "1,2";
				TEST_TARGET_NAME = wordleBlitz;
			};
			name = Debug;
		};
		09A51D1C27F3A5FD0033F537 /* Release */ = {
			isa = XCBuildConfiguration;
			buildSettings = {
				ALWAYS_EMBED_SWIFT_STANDARD_LIBRARIES = YES;
				CODE_SIGN_STYLE = Automatic;
				CURRENT_PROJECT_VERSION = 1;
				GENERATE_INFOPLIST_FILE = YES;
				MARKETING_VERSION = 1.0;
				PRODUCT_BUNDLE_IDENTIFIER = idk.wordleBlitzUITests;
				PRODUCT_NAME = "$(TARGET_NAME)";
				SWIFT_EMIT_LOC_STRINGS = NO;
				SWIFT_VERSION = 5.0;
				TARGETED_DEVICE_FAMILY = "1,2";
				TEST_TARGET_NAME = wordleBlitz;
			};
			name = Release;
		};
/* End XCBuildConfiguration section */

/* Begin XCConfigurationList section */
		09A51CEB27F3A5FA0033F537 /* Build configuration list for PBXProject "wordleBlitz" */ = {
			isa = XCConfigurationList;
			buildConfigurations = (
				09A51D1227F3A5FD0033F537 /* Debug */,
				09A51D1327F3A5FD0033F537 /* Release */,
			);
			defaultConfigurationIsVisible = 0;
			defaultConfigurationName = Release;
		};
		09A51D1427F3A5FD0033F537 /* Build configuration list for PBXNativeTarget "wordleBlitz" */ = {
			isa = XCConfigurationList;
			buildConfigurations = (
				09A51D1527F3A5FD0033F537 /* Debug */,
				09A51D1627F3A5FD0033F537 /* Release */,
			);
			defaultConfigurationIsVisible = 0;
			defaultConfigurationName = Release;
		};
		09A51D1727F3A5FD0033F537 /* Build configuration list for PBXNativeTarget "wordleBlitzTests" */ = {
			isa = XCConfigurationList;
			buildConfigurations = (
				09A51D1827F3A5FD0033F537 /* Debug */,
				09A51D1927F3A5FD0033F537 /* Release */,
			);
			defaultConfigurationIsVisible = 0;
			defaultConfigurationName = Release;
		};
		09A51D1A27F3A5FD0033F537 /* Build configuration list for PBXNativeTarget "wordleBlitzUITests" */ = {
			isa = XCConfigurationList;
			buildConfigurations = (
				09A51D1B27F3A5FD0033F537 /* Debug */,
				09A51D1C27F3A5FD0033F537 /* Release */,
			);
			defaultConfigurationIsVisible = 0;
			defaultConfigurationName = Release;
		};
/* End XCConfigurationList section */
	};
	rootObject = 09A51CE827F3A5FA0033F537 /* Project object */;
}
