// !$*UTF8*$!
{
	archiveVersion = 1;
	classes = {
	};
	objectVersion = 55;
	objects = {

/* Begin PBXBuildFile section */
		0941841627BC73AF00789554 /* AppleMusicUIBuildApp.swift in Sources */ = {isa = PBXBuildFile; fileRef = 0941841527BC73AF00789554 /* AppleMusicUIBuildApp.swift */; };
		0941841827BC73AF00789554 /* ContentView.swift in Sources */ = {isa = PBXBuildFile; fileRef = 0941841727BC73AF00789554 /* ContentView.swift */; };
		0941841A27BC73B000789554 /* Assets.xcassets in Resources */ = {isa = PBXBuildFile; fileRef = 0941841927BC73B000789554 /* Assets.xcassets */; };
		0941841D27BC73B000789554 /* Preview Assets.xcassets in Resources */ = {isa = PBXBuildFile; fileRef = 0941841C27BC73B000789554 /* Preview Assets.xcassets */; };
		0941842727BC73B100789554 /* AppleMusicUIBuildTests.swift in Sources */ = {isa = PBXBuildFile; fileRef = 0941842627BC73B100789554 /* AppleMusicUIBuildTests.swift */; };
		0941843127BC73B100789554 /* AppleMusicUIBuildUITests.swift in Sources */ = {isa = PBXBuildFile; fileRef = 0941843027BC73B100789554 /* AppleMusicUIBuildUITests.swift */; };
		0941843327BC73B100789554 /* AppleMusicUIBuildUITestsLaunchTests.swift in Sources */ = {isa = PBXBuildFile; fileRef = 0941843227BC73B100789554 /* AppleMusicUIBuildUITestsLaunchTests.swift */; };
/* End PBXBuildFile section */

/* Begin PBXContainerItemProxy section */
		0941842327BC73B100789554 /* PBXContainerItemProxy */ = {
			isa = PBXContainerItemProxy;
			containerPortal = 0941840A27BC73AE00789554 /* Project object */;
			proxyType = 1;
			remoteGlobalIDString = 0941841127BC73AF00789554;
			remoteInfo = AppleMusicUIBuild;
		};
		0941842D27BC73B100789554 /* PBXContainerItemProxy */ = {
			isa = PBXContainerItemProxy;
			containerPortal = 0941840A27BC73AE00789554 /* Project object */;
			proxyType = 1;
			remoteGlobalIDString = 0941841127BC73AF00789554;
			remoteInfo = AppleMusicUIBuild;
		};
/* End PBXContainerItemProxy section */

/* Begin PBXFileReference section */
		0941841227BC73AF00789554 /* AppleMusicUIBuild.app */ = {isa = PBXFileReference; explicitFileType = wrapper.application; includeInIndex = 0; path = AppleMusicUIBuild.app; sourceTree = BUILT_PRODUCTS_DIR; };
		0941841527BC73AF00789554 /* AppleMusicUIBuildApp.swift */ = {isa = PBXFileReference; lastKnownFileType = sourcecode.swift; path = AppleMusicUIBuildApp.swift; sourceTree = "<group>"; };
		0941841727BC73AF00789554 /* ContentView.swift */ = {isa = PBXFileReference; lastKnownFileType = sourcecode.swift; path = ContentView.swift; sourceTree = "<group>"; };
		0941841927BC73B000789554 /* Assets.xcassets */ = {isa = PBXFileReference; lastKnownFileType = folder.assetcatalog; path = Assets.xcassets; sourceTree = "<group>"; };
		0941841C27BC73B000789554 /* Preview Assets.xcassets */ = {isa = PBXFileReference; lastKnownFileType = folder.assetcatalog; path = "Preview Assets.xcassets"; sourceTree = "<group>"; };
		0941842227BC73B100789554 /* AppleMusicUIBuildTests.xctest */ = {isa = PBXFileReference; explicitFileType = wrapper.cfbundle; includeInIndex = 0; path = AppleMusicUIBuildTests.xctest; sourceTree = BUILT_PRODUCTS_DIR; };
		0941842627BC73B100789554 /* AppleMusicUIBuildTests.swift */ = {isa = PBXFileReference; lastKnownFileType = sourcecode.swift; path = AppleMusicUIBuildTests.swift; sourceTree = "<group>"; };
		0941842C27BC73B100789554 /* AppleMusicUIBuildUITests.xctest */ = {isa = PBXFileReference; explicitFileType = wrapper.cfbundle; includeInIndex = 0; path = AppleMusicUIBuildUITests.xctest; sourceTree = BUILT_PRODUCTS_DIR; };
		0941843027BC73B100789554 /* AppleMusicUIBuildUITests.swift */ = {isa = PBXFileReference; lastKnownFileType = sourcecode.swift; path = AppleMusicUIBuildUITests.swift; sourceTree = "<group>"; };
		0941843227BC73B100789554 /* AppleMusicUIBuildUITestsLaunchTests.swift */ = {isa = PBXFileReference; lastKnownFileType = sourcecode.swift; path = AppleMusicUIBuildUITestsLaunchTests.swift; sourceTree = "<group>"; };
/* End PBXFileReference section */

/* Begin PBXFrameworksBuildPhase section */
		0941840F27BC73AF00789554 /* Frameworks */ = {
			isa = PBXFrameworksBuildPhase;
			buildActionMask = 2147483647;
			files = (
			);
			runOnlyForDeploymentPostprocessing = 0;
		};
		0941841F27BC73B100789554 /* Frameworks */ = {
			isa = PBXFrameworksBuildPhase;
			buildActionMask = 2147483647;
			files = (
			);
			runOnlyForDeploymentPostprocessing = 0;
		};
		0941842927BC73B100789554 /* Frameworks */ = {
			isa = PBXFrameworksBuildPhase;
			buildActionMask = 2147483647;
			files = (
			);
			runOnlyForDeploymentPostprocessing = 0;
		};
/* End PBXFrameworksBuildPhase section */

/* Begin PBXGroup section */
		0941840927BC73AE00789554 = {
			isa = PBXGroup;
			children = (
				0941841427BC73AF00789554 /* AppleMusicUIBuild */,
				0941842527BC73B100789554 /* AppleMusicUIBuildTests */,
				0941842F27BC73B100789554 /* AppleMusicUIBuildUITests */,
				0941841327BC73AF00789554 /* Products */,
			);
			sourceTree = "<group>";
		};
		0941841327BC73AF00789554 /* Products */ = {
			isa = PBXGroup;
			children = (
				0941841227BC73AF00789554 /* AppleMusicUIBuild.app */,
				0941842227BC73B100789554 /* AppleMusicUIBuildTests.xctest */,
				0941842C27BC73B100789554 /* AppleMusicUIBuildUITests.xctest */,
			);
			name = Products;
			sourceTree = "<group>";
		};
		0941841427BC73AF00789554 /* AppleMusicUIBuild */ = {
			isa = PBXGroup;
			children = (
				0941841527BC73AF00789554 /* AppleMusicUIBuildApp.swift */,
				0941841727BC73AF00789554 /* ContentView.swift */,
				0941841927BC73B000789554 /* Assets.xcassets */,
				0941841B27BC73B000789554 /* Preview Content */,
			);
			path = AppleMusicUIBuild;
			sourceTree = "<group>";
		};
		0941841B27BC73B000789554 /* Preview Content */ = {
			isa = PBXGroup;
			children = (
				0941841C27BC73B000789554 /* Preview Assets.xcassets */,
			);
			path = "Preview Content";
			sourceTree = "<group>";
		};
		0941842527BC73B100789554 /* AppleMusicUIBuildTests */ = {
			isa = PBXGroup;
			children = (
				0941842627BC73B100789554 /* AppleMusicUIBuildTests.swift */,
			);
			path = AppleMusicUIBuildTests;
			sourceTree = "<group>";
		};
		0941842F27BC73B100789554 /* AppleMusicUIBuildUITests */ = {
			isa = PBXGroup;
			children = (
				0941843027BC73B100789554 /* AppleMusicUIBuildUITests.swift */,
				0941843227BC73B100789554 /* AppleMusicUIBuildUITestsLaunchTests.swift */,
			);
			path = AppleMusicUIBuildUITests;
			sourceTree = "<group>";
		};
/* End PBXGroup section */

/* Begin PBXNativeTarget section */
		0941841127BC73AF00789554 /* AppleMusicUIBuild */ = {
			isa = PBXNativeTarget;
			buildConfigurationList = 0941843627BC73B100789554 /* Build configuration list for PBXNativeTarget "AppleMusicUIBuild" */;
			buildPhases = (
				0941840E27BC73AF00789554 /* Sources */,
				0941840F27BC73AF00789554 /* Frameworks */,
				0941841027BC73AF00789554 /* Resources */,
			);
			buildRules = (
			);
			dependencies = (
			);
			name = AppleMusicUIBuild;
			productName = AppleMusicUIBuild;
			productReference = 0941841227BC73AF00789554 /* AppleMusicUIBuild.app */;
			productType = "com.apple.product-type.application";
		};
		0941842127BC73B100789554 /* AppleMusicUIBuildTests */ = {
			isa = PBXNativeTarget;
			buildConfigurationList = 0941843927BC73B100789554 /* Build configuration list for PBXNativeTarget "AppleMusicUIBuildTests" */;
			buildPhases = (
				0941841E27BC73B100789554 /* Sources */,
				0941841F27BC73B100789554 /* Frameworks */,
				0941842027BC73B100789554 /* Resources */,
			);
			buildRules = (
			);
			dependencies = (
				0941842427BC73B100789554 /* PBXTargetDependency */,
			);
			name = AppleMusicUIBuildTests;
			productName = AppleMusicUIBuildTests;
			productReference = 0941842227BC73B100789554 /* AppleMusicUIBuildTests.xctest */;
			productType = "com.apple.product-type.bundle.unit-test";
		};
		0941842B27BC73B100789554 /* AppleMusicUIBuildUITests */ = {
			isa = PBXNativeTarget;
			buildConfigurationList = 0941843C27BC73B100789554 /* Build configuration list for PBXNativeTarget "AppleMusicUIBuildUITests" */;
			buildPhases = (
				0941842827BC73B100789554 /* Sources */,
				0941842927BC73B100789554 /* Frameworks */,
				0941842A27BC73B100789554 /* Resources */,
			);
			buildRules = (
			);
			dependencies = (
				0941842E27BC73B100789554 /* PBXTargetDependency */,
			);
			name = AppleMusicUIBuildUITests;
			productName = AppleMusicUIBuildUITests;
			productReference = 0941842C27BC73B100789554 /* AppleMusicUIBuildUITests.xctest */;
			productType = "com.apple.product-type.bundle.ui-testing";
		};
/* End PBXNativeTarget section */

/* Begin PBXProject section */
		0941840A27BC73AE00789554 /* Project object */ = {
			isa = PBXProject;
			attributes = {
				BuildIndependentTargetsInParallel = 1;
				LastSwiftUpdateCheck = 1320;
				LastUpgradeCheck = 1320;
				TargetAttributes = {
					0941841127BC73AF00789554 = {
						CreatedOnToolsVersion = 13.2.1;
					};
					0941842127BC73B100789554 = {
						CreatedOnToolsVersion = 13.2.1;
						TestTargetID = 0941841127BC73AF00789554;
					};
					0941842B27BC73B100789554 = {
						CreatedOnToolsVersion = 13.2.1;
						TestTargetID = 0941841127BC73AF00789554;
					};
				};
			};
			buildConfigurationList = 0941840D27BC73AE00789554 /* Build configuration list for PBXProject "AppleMusicUIBuild" */;
			compatibilityVersion = "Xcode 13.0";
			developmentRegion = en;
			hasScannedForEncodings = 0;
			knownRegions = (
				en,
				Base,
			);
			mainGroup = 0941840927BC73AE00789554;
			productRefGroup = 0941841327BC73AF00789554 /* Products */;
			projectDirPath = "";
			projectRoot = "";
			targets = (
				0941841127BC73AF00789554 /* AppleMusicUIBuild */,
				0941842127BC73B100789554 /* AppleMusicUIBuildTests */,
				0941842B27BC73B100789554 /* AppleMusicUIBuildUITests */,
			);
		};
/* End PBXProject section */

/* Begin PBXResourcesBuildPhase section */
		0941841027BC73AF00789554 /* Resources */ = {
			isa = PBXResourcesBuildPhase;
			buildActionMask = 2147483647;
			files = (
				0941841D27BC73B000789554 /* Preview Assets.xcassets in Resources */,
				0941841A27BC73B000789554 /* Assets.xcassets in Resources */,
			);
			runOnlyForDeploymentPostprocessing = 0;
		};
		0941842027BC73B100789554 /* Resources */ = {
			isa = PBXResourcesBuildPhase;
			buildActionMask = 2147483647;
			files = (
			);
			runOnlyForDeploymentPostprocessing = 0;
		};
		0941842A27BC73B100789554 /* Resources */ = {
			isa = PBXResourcesBuildPhase;
			buildActionMask = 2147483647;
			files = (
			);
			runOnlyForDeploymentPostprocessing = 0;
		};
/* End PBXResourcesBuildPhase section */

/* Begin PBXSourcesBuildPhase section */
		0941840E27BC73AF00789554 /* Sources */ = {
			isa = PBXSourcesBuildPhase;
			buildActionMask = 2147483647;
			files = (
				0941841827BC73AF00789554 /* ContentView.swift in Sources */,
				0941841627BC73AF00789554 /* AppleMusicUIBuildApp.swift in Sources */,
			);
			runOnlyForDeploymentPostprocessing = 0;
		};
		0941841E27BC73B100789554 /* Sources */ = {
			isa = PBXSourcesBuildPhase;
			buildActionMask = 2147483647;
			files = (
				0941842727BC73B100789554 /* AppleMusicUIBuildTests.swift in Sources */,
			);
			runOnlyForDeploymentPostprocessing = 0;
		};
		0941842827BC73B100789554 /* Sources */ = {
			isa = PBXSourcesBuildPhase;
			buildActionMask = 2147483647;
			files = (
				0941843327BC73B100789554 /* AppleMusicUIBuildUITestsLaunchTests.swift in Sources */,
				0941843127BC73B100789554 /* AppleMusicUIBuildUITests.swift in Sources */,
			);
			runOnlyForDeploymentPostprocessing = 0;
		};
/* End PBXSourcesBuildPhase section */

/* Begin PBXTargetDependency section */
		0941842427BC73B100789554 /* PBXTargetDependency */ = {
			isa = PBXTargetDependency;
			target = 0941841127BC73AF00789554 /* AppleMusicUIBuild */;
			targetProxy = 0941842327BC73B100789554 /* PBXContainerItemProxy */;
		};
		0941842E27BC73B100789554 /* PBXTargetDependency */ = {
			isa = PBXTargetDependency;
			target = 0941841127BC73AF00789554 /* AppleMusicUIBuild */;
			targetProxy = 0941842D27BC73B100789554 /* PBXContainerItemProxy */;
		};
/* End PBXTargetDependency section */

/* Begin XCBuildConfiguration section */
		0941843427BC73B100789554 /* Debug */ = {
			isa = XCBuildConfiguration;
			buildSettings = {
				ALWAYS_SEARCH_USER_PATHS = NO;
				CLANG_ANALYZER_NONNULL = YES;
				CLANG_ANALYZER_NUMBER_OBJECT_CONVERSION = YES_AGGRESSIVE;
				CLANG_CXX_LANGUAGE_STANDARD = "gnu++17";
				CLANG_CXX_LIBRARY = "libc++";
				CLANG_ENABLE_MODULES = YES;
				CLANG_ENABLE_OBJC_ARC = YES;
				CLANG_ENABLE_OBJC_WEAK = YES;
				CLANG_WARN_BLOCK_CAPTURE_AUTORELEASING = YES;
				CLANG_WARN_BOOL_CONVERSION = YES;
				CLANG_WARN_COMMA = YES;
				CLANG_WARN_CONSTANT_CONVERSION = YES;
				CLANG_WARN_DEPRECATED_OBJC_IMPLEMENTATIONS = YES;
				CLANG_WARN_DIRECT_OBJC_ISA_USAGE = YES_ERROR;
				CLANG_WARN_DOCUMENTATION_COMMENTS = YES;
				CLANG_WARN_EMPTY_BODY = YES;
				CLANG_WARN_ENUM_CONVERSION = YES;
				CLANG_WARN_INFINITE_RECURSION = YES;
				CLANG_WARN_INT_CONVERSION = YES;
				CLANG_WARN_NON_LITERAL_NULL_CONVERSION = YES;
				CLANG_WARN_OBJC_IMPLICIT_RETAIN_SELF = YES;
				CLANG_WARN_OBJC_LITERAL_CONVERSION = YES;
				CLANG_WARN_OBJC_ROOT_CLASS = YES_ERROR;
				CLANG_WARN_QUOTED_INCLUDE_IN_FRAMEWORK_HEADER = YES;
				CLANG_WARN_RANGE_LOOP_ANALYSIS = YES;
				CLANG_WARN_STRICT_PROTOTYPES = YES;
				CLANG_WARN_SUSPICIOUS_MOVE = YES;
				CLANG_WARN_UNGUARDED_AVAILABILITY = YES_AGGRESSIVE;
				CLANG_WARN_UNREACHABLE_CODE = YES;
				CLANG_WARN__DUPLICATE_METHOD_MATCH = YES;
				COPY_PHASE_STRIP = NO;
				DEBUG_INFORMATION_FORMAT = dwarf;
				ENABLE_STRICT_OBJC_MSGSEND = YES;
				ENABLE_TESTABILITY = YES;
				GCC_C_LANGUAGE_STANDARD = gnu11;
				GCC_DYNAMIC_NO_PIC = NO;
				GCC_NO_COMMON_BLOCKS = YES;
				GCC_OPTIMIZATION_LEVEL = 0;
				GCC_PREPROCESSOR_DEFINITIONS = (
					"DEBUG=1",
					"$(inherited)",
				);
				GCC_WARN_64_TO_32_BIT_CONVERSION = YES;
				GCC_WARN_ABOUT_RETURN_TYPE = YES_ERROR;
				GCC_WARN_UNDECLARED_SELECTOR = YES;
				GCC_WARN_UNINITIALIZED_AUTOS = YES_AGGRESSIVE;
				GCC_WARN_UNUSED_FUNCTION = YES;
				GCC_WARN_UNUSED_VARIABLE = YES;
				IPHONEOS_DEPLOYMENT_TARGET = 15.2;
				MTL_ENABLE_DEBUG_INFO = INCLUDE_SOURCE;
				MTL_FAST_MATH = YES;
				ONLY_ACTIVE_ARCH = YES;
				SDKROOT = iphoneos;
				SWIFT_ACTIVE_COMPILATION_CONDITIONS = DEBUG;
				SWIFT_OPTIMIZATION_LEVEL = "-Onone";
			};
			name = Debug;
		};
		0941843527BC73B100789554 /* Release */ = {
			isa = XCBuildConfiguration;
			buildSettings = {
				ALWAYS_SEARCH_USER_PATHS = NO;
				CLANG_ANALYZER_NONNULL = YES;
				CLANG_ANALYZER_NUMBER_OBJECT_CONVERSION = YES_AGGRESSIVE;
				CLANG_CXX_LANGUAGE_STANDARD = "gnu++17";
				CLANG_CXX_LIBRARY = "libc++";
				CLANG_ENABLE_MODULES = YES;
				CLANG_ENABLE_OBJC_ARC = YES;
				CLANG_ENABLE_OBJC_WEAK = YES;
				CLANG_WARN_BLOCK_CAPTURE_AUTORELEASING = YES;
				CLANG_WARN_BOOL_CONVERSION = YES;
				CLANG_WARN_COMMA = YES;
				CLANG_WARN_CONSTANT_CONVERSION = YES;
				CLANG_WARN_DEPRECATED_OBJC_IMPLEMENTATIONS = YES;
				CLANG_WARN_DIRECT_OBJC_ISA_USAGE = YES_ERROR;
				CLANG_WARN_DOCUMENTATION_COMMENTS = YES;
				CLANG_WARN_EMPTY_BODY = YES;
				CLANG_WARN_ENUM_CONVERSION = YES;
				CLANG_WARN_INFINITE_RECURSION = YES;
				CLANG_WARN_INT_CONVERSION = YES;
				CLANG_WARN_NON_LITERAL_NULL_CONVERSION = YES;
				CLANG_WARN_OBJC_IMPLICIT_RETAIN_SELF = YES;
				CLANG_WARN_OBJC_LITERAL_CONVERSION = YES;
				CLANG_WARN_OBJC_ROOT_CLASS = YES_ERROR;
				CLANG_WARN_QUOTED_INCLUDE_IN_FRAMEWORK_HEADER = YES;
				CLANG_WARN_RANGE_LOOP_ANALYSIS = YES;
				CLANG_WARN_STRICT_PROTOTYPES = YES;
				CLANG_WARN_SUSPICIOUS_MOVE = YES;
				CLANG_WARN_UNGUARDED_AVAILABILITY = YES_AGGRESSIVE;
				CLANG_WARN_UNREACHABLE_CODE = YES;
				CLANG_WARN__DUPLICATE_METHOD_MATCH = YES;
				COPY_PHASE_STRIP = NO;
				DEBUG_INFORMATION_FORMAT = "dwarf-with-dsym";
				ENABLE_NS_ASSERTIONS = NO;
				ENABLE_STRICT_OBJC_MSGSEND = YES;
				GCC_C_LANGUAGE_STANDARD = gnu11;
				GCC_NO_COMMON_BLOCKS = YES;
				GCC_WARN_64_TO_32_BIT_CONVERSION = YES;
				GCC_WARN_ABOUT_RETURN_TYPE = YES_ERROR;
				GCC_WARN_UNDECLARED_SELECTOR = YES;
				GCC_WARN_UNINITIALIZED_AUTOS = YES_AGGRESSIVE;
				GCC_WARN_UNUSED_FUNCTION = YES;
				GCC_WARN_UNUSED_VARIABLE = YES;
				IPHONEOS_DEPLOYMENT_TARGET = 15.2;
				MTL_ENABLE_DEBUG_INFO = NO;
				MTL_FAST_MATH = YES;
				SDKROOT = iphoneos;
				SWIFT_COMPILATION_MODE = wholemodule;
				SWIFT_OPTIMIZATION_LEVEL = "-O";
				VALIDATE_PRODUCT = YES;
			};
			name = Release;
		};
		0941843727BC73B100789554 /* Debug */ = {
			isa = XCBuildConfiguration;
			buildSettings = {
				ASSETCATALOG_COMPILER_APPICON_NAME = AppIcon;
				ASSETCATALOG_COMPILER_GLOBAL_ACCENT_COLOR_NAME = AccentColor;
				CODE_SIGN_STYLE = Automatic;
				CURRENT_PROJECT_VERSION = 1;
				DEVELOPMENT_ASSET_PATHS = "\"AppleMusicUIBuild/Preview Content\"";
				ENABLE_PREVIEWS = YES;
				GENERATE_INFOPLIST_FILE = YES;
				INFOPLIST_KEY_UIApplicationSceneManifest_Generation = YES;
				INFOPLIST_KEY_UIApplicationSupportsIndirectInputEvents = YES;
				INFOPLIST_KEY_UILaunchScreen_Generation = YES;
				INFOPLIST_KEY_UISupportedInterfaceOrientations_iPad = "UIInterfaceOrientationPortrait UIInterfaceOrientationPortraitUpsideDown UIInterfaceOrientationLandscapeLeft UIInterfaceOrientationLandscapeRight";
				INFOPLIST_KEY_UISupportedInterfaceOrientations_iPhone = "UIInterfaceOrientationPortrait UIInterfaceOrientationLandscapeLeft UIInterfaceOrientationLandscapeRight";
				LD_RUNPATH_SEARCH_PATHS = (
					"$(inherited)",
					"@executable_path/Frameworks",
				);
				MARKETING_VERSION = 1.0;
				PRODUCT_BUNDLE_IDENTIFIER = idk.AppleMusicUIBuild;
				PRODUCT_NAME = "$(TARGET_NAME)";
				SWIFT_EMIT_LOC_STRINGS = YES;
				SWIFT_VERSION = 5.0;
				TARGETED_DEVICE_FAMILY = "1,2";
			};
			name = Debug;
		};
		0941843827BC73B100789554 /* Release */ = {
			isa = XCBuildConfiguration;
			buildSettings = {
				ASSETCATALOG_COMPILER_APPICON_NAME = AppIcon;
				ASSETCATALOG_COMPILER_GLOBAL_ACCENT_COLOR_NAME = AccentColor;
				CODE_SIGN_STYLE = Automatic;
				CURRENT_PROJECT_VERSION = 1;
				DEVELOPMENT_ASSET_PATHS = "\"AppleMusicUIBuild/Preview Content\"";
				ENABLE_PREVIEWS = YES;
				GENERATE_INFOPLIST_FILE = YES;
				INFOPLIST_KEY_UIApplicationSceneManifest_Generation = YES;
				INFOPLIST_KEY_UIApplicationSupportsIndirectInputEvents = YES;
				INFOPLIST_KEY_UILaunchScreen_Generation = YES;
				INFOPLIST_KEY_UISupportedInterfaceOrientations_iPad = "UIInterfaceOrientationPortrait UIInterfaceOrientationPortraitUpsideDown UIInterfaceOrientationLandscapeLeft UIInterfaceOrientationLandscapeRight";
				INFOPLIST_KEY_UISupportedInterfaceOrientations_iPhone = "UIInterfaceOrientationPortrait UIInterfaceOrientationLandscapeLeft UIInterfaceOrientationLandscapeRight";
				LD_RUNPATH_SEARCH_PATHS = (
					"$(inherited)",
					"@executable_path/Frameworks",
				);
				MARKETING_VERSION = 1.0;
				PRODUCT_BUNDLE_IDENTIFIER = idk.AppleMusicUIBuild;
				PRODUCT_NAME = "$(TARGET_NAME)";
				SWIFT_EMIT_LOC_STRINGS = YES;
				SWIFT_VERSION = 5.0;
				TARGETED_DEVICE_FAMILY = "1,2";
			};
			name = Release;
		};
		0941843A27BC73B100789554 /* Debug */ = {
			isa = XCBuildConfiguration;
			buildSettings = {
				ALWAYS_EMBED_SWIFT_STANDARD_LIBRARIES = YES;
				BUNDLE_LOADER = "$(TEST_HOST)";
				CODE_SIGN_STYLE = Automatic;
				CURRENT_PROJECT_VERSION = 1;
				GENERATE_INFOPLIST_FILE = YES;
				IPHONEOS_DEPLOYMENT_TARGET = 15.2;
				MARKETING_VERSION = 1.0;
				PRODUCT_BUNDLE_IDENTIFIER = idk.AppleMusicUIBuildTests;
				PRODUCT_NAME = "$(TARGET_NAME)";
				SWIFT_EMIT_LOC_STRINGS = NO;
				SWIFT_VERSION = 5.0;
				TARGETED_DEVICE_FAMILY = "1,2";
				TEST_HOST = "$(BUILT_PRODUCTS_DIR)/AppleMusicUIBuild.app/AppleMusicUIBuild";
			};
			name = Debug;
		};
		0941843B27BC73B100789554 /* Release */ = {
			isa = XCBuildConfiguration;
			buildSettings = {
				ALWAYS_EMBED_SWIFT_STANDARD_LIBRARIES = YES;
				BUNDLE_LOADER = "$(TEST_HOST)";
				CODE_SIGN_STYLE = Automatic;
				CURRENT_PROJECT_VERSION = 1;
				GENERATE_INFOPLIST_FILE = YES;
				IPHONEOS_DEPLOYMENT_TARGET = 15.2;
				MARKETING_VERSION = 1.0;
				PRODUCT_BUNDLE_IDENTIFIER = idk.AppleMusicUIBuildTests;
				PRODUCT_NAME = "$(TARGET_NAME)";
				SWIFT_EMIT_LOC_STRINGS = NO;
				SWIFT_VERSION = 5.0;
				TARGETED_DEVICE_FAMILY = "1,2";
				TEST_HOST = "$(BUILT_PRODUCTS_DIR)/AppleMusicUIBuild.app/AppleMusicUIBuild";
			};
			name = Release;
		};
		0941843D27BC73B100789554 /* Debug */ = {
			isa = XCBuildConfiguration;
			buildSettings = {
				ALWAYS_EMBED_SWIFT_STANDARD_LIBRARIES = YES;
				CODE_SIGN_STYLE = Automatic;
				CURRENT_PROJECT_VERSION = 1;
				GENERATE_INFOPLIST_FILE = YES;
				MARKETING_VERSION = 1.0;
				PRODUCT_BUNDLE_IDENTIFIER = idk.AppleMusicUIBuildUITests;
				PRODUCT_NAME = "$(TARGET_NAME)";
				SWIFT_EMIT_LOC_STRINGS = NO;
				SWIFT_VERSION = 5.0;
				TARGETED_DEVICE_FAMILY = "1,2";
				TEST_TARGET_NAME = AppleMusicUIBuild;
			};
			name = Debug;
		};
		0941843E27BC73B100789554 /* Release */ = {
			isa = XCBuildConfiguration;
			buildSettings = {
				ALWAYS_EMBED_SWIFT_STANDARD_LIBRARIES = YES;
				CODE_SIGN_STYLE = Automatic;
				CURRENT_PROJECT_VERSION = 1;
				GENERATE_INFOPLIST_FILE = YES;
				MARKETING_VERSION = 1.0;
				PRODUCT_BUNDLE_IDENTIFIER = idk.AppleMusicUIBuildUITests;
				PRODUCT_NAME = "$(TARGET_NAME)";
				SWIFT_EMIT_LOC_STRINGS = NO;
				SWIFT_VERSION = 5.0;
				TARGETED_DEVICE_FAMILY = "1,2";
				TEST_TARGET_NAME = AppleMusicUIBuild;
			};
			name = Release;
		};
/* End XCBuildConfiguration section */

/* Begin XCConfigurationList section */
		0941840D27BC73AE00789554 /* Build configuration list for PBXProject "AppleMusicUIBuild" */ = {
			isa = XCConfigurationList;
			buildConfigurations = (
				0941843427BC73B100789554 /* Debug */,
				0941843527BC73B100789554 /* Release */,
			);
			defaultConfigurationIsVisible = 0;
			defaultConfigurationName = Release;
		};
		0941843627BC73B100789554 /* Build configuration list for PBXNativeTarget "AppleMusicUIBuild" */ = {
			isa = XCConfigurationList;
			buildConfigurations = (
				0941843727BC73B100789554 /* Debug */,
				0941843827BC73B100789554 /* Release */,
			);
			defaultConfigurationIsVisible = 0;
			defaultConfigurationName = Release;
		};
		0941843927BC73B100789554 /* Build configuration list for PBXNativeTarget "AppleMusicUIBuildTests" */ = {
			isa = XCConfigurationList;
			buildConfigurations = (
				0941843A27BC73B100789554 /* Debug */,
				0941843B27BC73B100789554 /* Release */,
			);
			defaultConfigurationIsVisible = 0;
			defaultConfigurationName = Release;
		};
		0941843C27BC73B100789554 /* Build configuration list for PBXNativeTarget "AppleMusicUIBuildUITests" */ = {
			isa = XCConfigurationList;
			buildConfigurations = (
				0941843D27BC73B100789554 /* Debug */,
				0941843E27BC73B100789554 /* Release */,
			);
			defaultConfigurationIsVisible = 0;
			defaultConfigurationName = Release;
		};
/* End XCConfigurationList section */
	};
	rootObject = 0941840A27BC73AE00789554 /* Project object */;
}
